// !$*UTF8*$!
{
	archiveVersion = 1;
	classes = {
	};
	objectVersion = 46;
	objects = {

/* Begin PBXBuildFile section */
		166DC04E5561B4DED06706D0 /* Pods_pokemon_iosUITests.framework in Frameworks */ = {isa = PBXBuildFile; fileRef = F8C1A0A95AFDB0940F58D119 /* Pods_pokemon_iosUITests.framework */; };
		5FDF6A05B85891CE947AE777 /* Pods_pokemon_iosTests.framework in Frameworks */ = {isa = PBXBuildFile; fileRef = 2ABF259F24088A6CDE540F3A /* Pods_pokemon_iosTests.framework */; };
		8105A9D428AD13B5D3DE679A /* Pods_pokemon_ios.framework in Frameworks */ = {isa = PBXBuildFile; fileRef = CC8E02211297EEB8C2437DF1 /* Pods_pokemon_ios.framework */; };
		906E91E71E947CFC00B95459 /* AppDelegate.swift in Sources */ = {isa = PBXBuildFile; fileRef = 906E91E61E947CFC00B95459 /* AppDelegate.swift */; };
		906E91EC1E947CFC00B95459 /* Main.storyboard in Resources */ = {isa = PBXBuildFile; fileRef = 906E91EA1E947CFC00B95459 /* Main.storyboard */; };
		906E91EF1E947CFC00B95459 /* pokemon_ios.xcdatamodeld in Sources */ = {isa = PBXBuildFile; fileRef = 906E91ED1E947CFC00B95459 /* pokemon_ios.xcdatamodeld */; };
		906E91F11E947CFC00B95459 /* Assets.xcassets in Resources */ = {isa = PBXBuildFile; fileRef = 906E91F01E947CFC00B95459 /* Assets.xcassets */; };
		906E91F41E947CFC00B95459 /* LaunchScreen.storyboard in Resources */ = {isa = PBXBuildFile; fileRef = 906E91F21E947CFC00B95459 /* LaunchScreen.storyboard */; };
		906E91FF1E947CFC00B95459 /* pokemon_iosTests.swift in Sources */ = {isa = PBXBuildFile; fileRef = 906E91FE1E947CFC00B95459 /* pokemon_iosTests.swift */; };
		906E920A1E947CFC00B95459 /* pokemon_iosUITests.swift in Sources */ = {isa = PBXBuildFile; fileRef = 906E92091E947CFC00B95459 /* pokemon_iosUITests.swift */; };
		906E92201E947ECC00B95459 /* MainConfigurator.swift in Sources */ = {isa = PBXBuildFile; fileRef = 906E92191E947ECC00B95459 /* MainConfigurator.swift */; };
		906E92211E947ECC00B95459 /* MainInteractor.swift in Sources */ = {isa = PBXBuildFile; fileRef = 906E921A1E947ECC00B95459 /* MainInteractor.swift */; };
		906E92221E947ECC00B95459 /* MainModels.swift in Sources */ = {isa = PBXBuildFile; fileRef = 906E921B1E947ECC00B95459 /* MainModels.swift */; };
		906E92231E947ECC00B95459 /* MainPresenter.swift in Sources */ = {isa = PBXBuildFile; fileRef = 906E921C1E947ECC00B95459 /* MainPresenter.swift */; };
		906E92241E947ECC00B95459 /* MainRouter.swift in Sources */ = {isa = PBXBuildFile; fileRef = 906E921D1E947ECC00B95459 /* MainRouter.swift */; };
		906E92251E947ECC00B95459 /* MainViewController.swift in Sources */ = {isa = PBXBuildFile; fileRef = 906E921E1E947ECC00B95459 /* MainViewController.swift */; };
		906E92261E947ECC00B95459 /* MainWorker.swift in Sources */ = {isa = PBXBuildFile; fileRef = 906E921F1E947ECC00B95459 /* MainWorker.swift */; };
		906E922A1E9486B400B95459 /* Pokemon.swift in Sources */ = {isa = PBXBuildFile; fileRef = 906E92291E9486B400B95459 /* Pokemon.swift */; };
		906E922C1E9599EB00B95459 /* PokemonSprites.swift in Sources */ = {isa = PBXBuildFile; fileRef = 906E922B1E9599EB00B95459 /* PokemonSprites.swift */; };
		906E922E1E959CA000B95459 /* NamedAPIResource.swift in Sources */ = {isa = PBXBuildFile; fileRef = 906E922D1E959CA000B95459 /* NamedAPIResource.swift */; };
		906E92301E959CF900B95459 /* APIResourceList.swift in Sources */ = {isa = PBXBuildFile; fileRef = 906E922F1E959CF900B95459 /* APIResourceList.swift */; };
/* End PBXBuildFile section */

/* Begin PBXContainerItemProxy section */
		906E91FB1E947CFC00B95459 /* PBXContainerItemProxy */ = {
			isa = PBXContainerItemProxy;
			containerPortal = 906E91DB1E947CFC00B95459 /* Project object */;
			proxyType = 1;
			remoteGlobalIDString = 906E91E21E947CFC00B95459;
			remoteInfo = "pokemon-ios";
		};
		906E92061E947CFC00B95459 /* PBXContainerItemProxy */ = {
			isa = PBXContainerItemProxy;
			containerPortal = 906E91DB1E947CFC00B95459 /* Project object */;
			proxyType = 1;
			remoteGlobalIDString = 906E91E21E947CFC00B95459;
			remoteInfo = "pokemon-ios";
		};
/* End PBXContainerItemProxy section */

/* Begin PBXFileReference section */
		09E036A3FA788ADDC5FCD908 /* Pods-pokemon-iosUITests.debug.xcconfig */ = {isa = PBXFileReference; includeInIndex = 1; lastKnownFileType = text.xcconfig; name = "Pods-pokemon-iosUITests.debug.xcconfig"; path = "Pods/Target Support Files/Pods-pokemon-iosUITests/Pods-pokemon-iosUITests.debug.xcconfig"; sourceTree = "<group>"; };
		27547022DBCADF4412663843 /* Pods-pokemon-ios.debug.xcconfig */ = {isa = PBXFileReference; includeInIndex = 1; lastKnownFileType = text.xcconfig; name = "Pods-pokemon-ios.debug.xcconfig"; path = "Pods/Target Support Files/Pods-pokemon-ios/Pods-pokemon-ios.debug.xcconfig"; sourceTree = "<group>"; };
		2A0B450C4AC358287734159D /* Pods-pokemon-iosTests.release.xcconfig */ = {isa = PBXFileReference; includeInIndex = 1; lastKnownFileType = text.xcconfig; name = "Pods-pokemon-iosTests.release.xcconfig"; path = "Pods/Target Support Files/Pods-pokemon-iosTests/Pods-pokemon-iosTests.release.xcconfig"; sourceTree = "<group>"; };
		2ABF259F24088A6CDE540F3A /* Pods_pokemon_iosTests.framework */ = {isa = PBXFileReference; explicitFileType = wrapper.framework; includeInIndex = 0; path = Pods_pokemon_iosTests.framework; sourceTree = BUILT_PRODUCTS_DIR; };
		5E9C90584B9C4A2E83E0A7BE /* Pods-pokemon-ios.release.xcconfig */ = {isa = PBXFileReference; includeInIndex = 1; lastKnownFileType = text.xcconfig; name = "Pods-pokemon-ios.release.xcconfig"; path = "Pods/Target Support Files/Pods-pokemon-ios/Pods-pokemon-ios.release.xcconfig"; sourceTree = "<group>"; };
		8A2FBB010DF08253079FF6BC /* Pods-pokemon-iosUITests.release.xcconfig */ = {isa = PBXFileReference; includeInIndex = 1; lastKnownFileType = text.xcconfig; name = "Pods-pokemon-iosUITests.release.xcconfig"; path = "Pods/Target Support Files/Pods-pokemon-iosUITests/Pods-pokemon-iosUITests.release.xcconfig"; sourceTree = "<group>"; };
		9021DDD5427E1FFAE79E2F30 /* Pods-pokemon-iosTests.debug.xcconfig */ = {isa = PBXFileReference; includeInIndex = 1; lastKnownFileType = text.xcconfig; name = "Pods-pokemon-iosTests.debug.xcconfig"; path = "Pods/Target Support Files/Pods-pokemon-iosTests/Pods-pokemon-iosTests.debug.xcconfig"; sourceTree = "<group>"; };
		906E91E31E947CFC00B95459 /* pokemon-ios.app */ = {isa = PBXFileReference; explicitFileType = wrapper.application; includeInIndex = 0; path = "pokemon-ios.app"; sourceTree = BUILT_PRODUCTS_DIR; };
		906E91E61E947CFC00B95459 /* AppDelegate.swift */ = {isa = PBXFileReference; lastKnownFileType = sourcecode.swift; path = AppDelegate.swift; sourceTree = "<group>"; };
		906E91EB1E947CFC00B95459 /* Base */ = {isa = PBXFileReference; lastKnownFileType = file.storyboard; name = Base; path = Base.lproj/Main.storyboard; sourceTree = "<group>"; };
		906E91EE1E947CFC00B95459 /* pokemon_ios.xcdatamodel */ = {isa = PBXFileReference; lastKnownFileType = wrapper.xcdatamodel; path = pokemon_ios.xcdatamodel; sourceTree = "<group>"; };
		906E91F01E947CFC00B95459 /* Assets.xcassets */ = {isa = PBXFileReference; lastKnownFileType = folder.assetcatalog; path = Assets.xcassets; sourceTree = "<group>"; };
		906E91F31E947CFC00B95459 /* Base */ = {isa = PBXFileReference; lastKnownFileType = file.storyboard; name = Base; path = Base.lproj/LaunchScreen.storyboard; sourceTree = "<group>"; };
		906E91F51E947CFC00B95459 /* Info.plist */ = {isa = PBXFileReference; lastKnownFileType = text.plist.xml; path = Info.plist; sourceTree = "<group>"; };
		906E91FA1E947CFC00B95459 /* pokemon-iosTests.xctest */ = {isa = PBXFileReference; explicitFileType = wrapper.cfbundle; includeInIndex = 0; path = "pokemon-iosTests.xctest"; sourceTree = BUILT_PRODUCTS_DIR; };
		906E91FE1E947CFC00B95459 /* pokemon_iosTests.swift */ = {isa = PBXFileReference; lastKnownFileType = sourcecode.swift; path = pokemon_iosTests.swift; sourceTree = "<group>"; };
		906E92001E947CFC00B95459 /* Info.plist */ = {isa = PBXFileReference; lastKnownFileType = text.plist.xml; path = Info.plist; sourceTree = "<group>"; };
		906E92051E947CFC00B95459 /* pokemon-iosUITests.xctest */ = {isa = PBXFileReference; explicitFileType = wrapper.cfbundle; includeInIndex = 0; path = "pokemon-iosUITests.xctest"; sourceTree = BUILT_PRODUCTS_DIR; };
		906E92091E947CFC00B95459 /* pokemon_iosUITests.swift */ = {isa = PBXFileReference; lastKnownFileType = sourcecode.swift; path = pokemon_iosUITests.swift; sourceTree = "<group>"; };
		906E920B1E947CFC00B95459 /* Info.plist */ = {isa = PBXFileReference; lastKnownFileType = text.plist.xml; path = Info.plist; sourceTree = "<group>"; };
		906E92191E947ECC00B95459 /* MainConfigurator.swift */ = {isa = PBXFileReference; fileEncoding = 4; lastKnownFileType = sourcecode.swift; name = MainConfigurator.swift; path = Scenes/Main/MainConfigurator.swift; sourceTree = "<group>"; };
		906E921A1E947ECC00B95459 /* MainInteractor.swift */ = {isa = PBXFileReference; fileEncoding = 4; lastKnownFileType = sourcecode.swift; name = MainInteractor.swift; path = Scenes/Main/MainInteractor.swift; sourceTree = "<group>"; };
		906E921B1E947ECC00B95459 /* MainModels.swift */ = {isa = PBXFileReference; fileEncoding = 4; lastKnownFileType = sourcecode.swift; name = MainModels.swift; path = Scenes/Main/MainModels.swift; sourceTree = "<group>"; };
		906E921C1E947ECC00B95459 /* MainPresenter.swift */ = {isa = PBXFileReference; fileEncoding = 4; lastKnownFileType = sourcecode.swift; name = MainPresenter.swift; path = Scenes/Main/MainPresenter.swift; sourceTree = "<group>"; };
		906E921D1E947ECC00B95459 /* MainRouter.swift */ = {isa = PBXFileReference; fileEncoding = 4; lastKnownFileType = sourcecode.swift; name = MainRouter.swift; path = Scenes/Main/MainRouter.swift; sourceTree = "<group>"; };
		906E921E1E947ECC00B95459 /* MainViewController.swift */ = {isa = PBXFileReference; fileEncoding = 4; lastKnownFileType = sourcecode.swift; name = MainViewController.swift; path = Scenes/Main/MainViewController.swift; sourceTree = "<group>"; };
		906E921F1E947ECC00B95459 /* MainWorker.swift */ = {isa = PBXFileReference; fileEncoding = 4; lastKnownFileType = sourcecode.swift; name = MainWorker.swift; path = Scenes/Main/MainWorker.swift; sourceTree = "<group>"; };
		906E92291E9486B400B95459 /* Pokemon.swift */ = {isa = PBXFileReference; fileEncoding = 4; lastKnownFileType = sourcecode.swift; name = Pokemon.swift; path = Model/Pokemon.swift; sourceTree = "<group>"; };
		906E922B1E9599EB00B95459 /* PokemonSprites.swift */ = {isa = PBXFileReference; fileEncoding = 4; lastKnownFileType = sourcecode.swift; name = PokemonSprites.swift; path = Model/PokemonSprites.swift; sourceTree = "<group>"; };
		906E922D1E959CA000B95459 /* NamedAPIResource.swift */ = {isa = PBXFileReference; fileEncoding = 4; lastKnownFileType = sourcecode.swift; name = NamedAPIResource.swift; path = Model/NamedAPIResource.swift; sourceTree = "<group>"; };
		906E922F1E959CF900B95459 /* APIResourceList.swift */ = {isa = PBXFileReference; fileEncoding = 4; lastKnownFileType = sourcecode.swift; name = APIResourceList.swift; path = Model/APIResourceList.swift; sourceTree = "<group>"; };
		CC8E02211297EEB8C2437DF1 /* Pods_pokemon_ios.framework */ = {isa = PBXFileReference; explicitFileType = wrapper.framework; includeInIndex = 0; path = Pods_pokemon_ios.framework; sourceTree = BUILT_PRODUCTS_DIR; };
		F8C1A0A95AFDB0940F58D119 /* Pods_pokemon_iosUITests.framework */ = {isa = PBXFileReference; explicitFileType = wrapper.framework; includeInIndex = 0; path = Pods_pokemon_iosUITests.framework; sourceTree = BUILT_PRODUCTS_DIR; };
/* End PBXFileReference section */

/* Begin PBXFrameworksBuildPhase section */
		906E91E01E947CFC00B95459 /* Frameworks */ = {
			isa = PBXFrameworksBuildPhase;
			buildActionMask = 2147483647;
			files = (
				8105A9D428AD13B5D3DE679A /* Pods_pokemon_ios.framework in Frameworks */,
			);
			runOnlyForDeploymentPostprocessing = 0;
		};
		906E91F71E947CFC00B95459 /* Frameworks */ = {
			isa = PBXFrameworksBuildPhase;
			buildActionMask = 2147483647;
			files = (
				5FDF6A05B85891CE947AE777 /* Pods_pokemon_iosTests.framework in Frameworks */,
			);
			runOnlyForDeploymentPostprocessing = 0;
		};
		906E92021E947CFC00B95459 /* Frameworks */ = {
			isa = PBXFrameworksBuildPhase;
			buildActionMask = 2147483647;
			files = (
				166DC04E5561B4DED06706D0 /* Pods_pokemon_iosUITests.framework in Frameworks */,
			);
			runOnlyForDeploymentPostprocessing = 0;
		};
/* End PBXFrameworksBuildPhase section */

/* Begin PBXGroup section */
		3B3E25954A12EF8513DC1C7F /* Pods */ = {
			isa = PBXGroup;
			children = (
				27547022DBCADF4412663843 /* Pods-pokemon-ios.debug.xcconfig */,
				5E9C90584B9C4A2E83E0A7BE /* Pods-pokemon-ios.release.xcconfig */,
				9021DDD5427E1FFAE79E2F30 /* Pods-pokemon-iosTests.debug.xcconfig */,
				2A0B450C4AC358287734159D /* Pods-pokemon-iosTests.release.xcconfig */,
				09E036A3FA788ADDC5FCD908 /* Pods-pokemon-iosUITests.debug.xcconfig */,
				8A2FBB010DF08253079FF6BC /* Pods-pokemon-iosUITests.release.xcconfig */,
			);
			name = Pods;
			sourceTree = "<group>";
		};
		441EC6BE7F07C62D0E1AAA4B /* Frameworks */ = {
			isa = PBXGroup;
			children = (
				CC8E02211297EEB8C2437DF1 /* Pods_pokemon_ios.framework */,
				2ABF259F24088A6CDE540F3A /* Pods_pokemon_iosTests.framework */,
				F8C1A0A95AFDB0940F58D119 /* Pods_pokemon_iosUITests.framework */,
			);
			name = Frameworks;
			sourceTree = "<group>";
		};
		906E91DA1E947CFC00B95459 = {
			isa = PBXGroup;
			children = (
				906E91E51E947CFC00B95459 /* pokemon-ios */,
				906E91FD1E947CFC00B95459 /* pokemon-iosTests */,
				906E92081E947CFC00B95459 /* pokemon-iosUITests */,
				906E91E41E947CFC00B95459 /* Products */,
				3B3E25954A12EF8513DC1C7F /* Pods */,
				441EC6BE7F07C62D0E1AAA4B /* Frameworks */,
			);
			sourceTree = "<group>";
		};
		906E91E41E947CFC00B95459 /* Products */ = {
			isa = PBXGroup;
			children = (
				906E91E31E947CFC00B95459 /* pokemon-ios.app */,
				906E91FA1E947CFC00B95459 /* pokemon-iosTests.xctest */,
				906E92051E947CFC00B95459 /* pokemon-iosUITests.xctest */,
			);
			name = Products;
			sourceTree = "<group>";
		};
		906E91E51E947CFC00B95459 /* pokemon-ios */ = {
			isa = PBXGroup;
			children = (
				906E92281E9486A200B95459 /* Model */,
				906E92181E947EAE00B95459 /* Scenes */,
				906E91E61E947CFC00B95459 /* AppDelegate.swift */,
				906E91F21E947CFC00B95459 /* LaunchScreen.storyboard */,
				906E91EA1E947CFC00B95459 /* Main.storyboard */,
				906E91F51E947CFC00B95459 /* Info.plist */,
				906E91F01E947CFC00B95459 /* Assets.xcassets */,
				906E91ED1E947CFC00B95459 /* pokemon_ios.xcdatamodeld */,
			);
			path = "pokemon-ios";
			sourceTree = "<group>";
		};
		906E91FD1E947CFC00B95459 /* pokemon-iosTests */ = {
			isa = PBXGroup;
			children = (
				906E91FE1E947CFC00B95459 /* pokemon_iosTests.swift */,
				906E92001E947CFC00B95459 /* Info.plist */,
			);
			path = "pokemon-iosTests";
			sourceTree = "<group>";
		};
		906E92081E947CFC00B95459 /* pokemon-iosUITests */ = {
			isa = PBXGroup;
			children = (
				906E92091E947CFC00B95459 /* pokemon_iosUITests.swift */,
				906E920B1E947CFC00B95459 /* Info.plist */,
			);
			path = "pokemon-iosUITests";
			sourceTree = "<group>";
		};
		906E92181E947EAE00B95459 /* Scenes */ = {
			isa = PBXGroup;
			children = (
				906E92271E947ED400B95459 /* Main */,
			);
			name = Scenes;
			sourceTree = "<group>";
		};
		906E92271E947ED400B95459 /* Main */ = {
			isa = PBXGroup;
			children = (
				906E921E1E947ECC00B95459 /* MainViewController.swift */,
				906E921A1E947ECC00B95459 /* MainInteractor.swift */,
				906E921C1E947ECC00B95459 /* MainPresenter.swift */,
				906E92191E947ECC00B95459 /* MainConfigurator.swift */,
				906E921B1E947ECC00B95459 /* MainModels.swift */,
				906E921D1E947ECC00B95459 /* MainRouter.swift */,
				906E921F1E947ECC00B95459 /* MainWorker.swift */,
			);
			name = Main;
			sourceTree = "<group>";
		};
		906E92281E9486A200B95459 /* Model */ = {
			isa = PBXGroup;
			children = (
				906E922F1E959CF900B95459 /* APIResourceList.swift */,
				906E922D1E959CA000B95459 /* NamedAPIResource.swift */,
				906E92291E9486B400B95459 /* Pokemon.swift */,
				906E922B1E9599EB00B95459 /* PokemonSprites.swift */,
			);
			name = Model;
			sourceTree = "<group>";
		};
/* End PBXGroup section */

/* Begin PBXNativeTarget section */
		906E91E21E947CFC00B95459 /* pokemon-ios */ = {
			isa = PBXNativeTarget;
			buildConfigurationList = 906E920E1E947CFC00B95459 /* Build configuration list for PBXNativeTarget "pokemon-ios" */;
			buildPhases = (
				CF13D3624D82448C277A7A28 /* [CP] Check Pods Manifest.lock */,
				906E91DF1E947CFC00B95459 /* Sources */,
				906E91E01E947CFC00B95459 /* Frameworks */,
				906E91E11E947CFC00B95459 /* Resources */,
				0C093EACDCC269A50C63AF8E /* [CP] Embed Pods Frameworks */,
				C8735CE0D7AEA3E595C5D4D2 /* [CP] Copy Pods Resources */,
			);
			buildRules = (
			);
			dependencies = (
			);
			name = "pokemon-ios";
			productName = "pokemon-ios";
			productReference = 906E91E31E947CFC00B95459 /* pokemon-ios.app */;
			productType = "com.apple.product-type.application";
		};
		906E91F91E947CFC00B95459 /* pokemon-iosTests */ = {
			isa = PBXNativeTarget;
			buildConfigurationList = 906E92111E947CFC00B95459 /* Build configuration list for PBXNativeTarget "pokemon-iosTests" */;
			buildPhases = (
				8A294045EA3ADCC5B67894CA /* [CP] Check Pods Manifest.lock */,
				906E91F61E947CFC00B95459 /* Sources */,
				906E91F71E947CFC00B95459 /* Frameworks */,
				906E91F81E947CFC00B95459 /* Resources */,
				A2E62B14293959DDA19A96F4 /* [CP] Embed Pods Frameworks */,
				DC0ED8AD872FF3C9833F0866 /* [CP] Copy Pods Resources */,
			);
			buildRules = (
			);
			dependencies = (
				906E91FC1E947CFC00B95459 /* PBXTargetDependency */,
			);
			name = "pokemon-iosTests";
			productName = "pokemon-iosTests";
			productReference = 906E91FA1E947CFC00B95459 /* pokemon-iosTests.xctest */;
			productType = "com.apple.product-type.bundle.unit-test";
		};
		906E92041E947CFC00B95459 /* pokemon-iosUITests */ = {
			isa = PBXNativeTarget;
			buildConfigurationList = 906E92141E947CFC00B95459 /* Build configuration list for PBXNativeTarget "pokemon-iosUITests" */;
			buildPhases = (
				47752DB992AA4122290E02D6 /* [CP] Check Pods Manifest.lock */,
				906E92011E947CFC00B95459 /* Sources */,
				906E92021E947CFC00B95459 /* Frameworks */,
				906E92031E947CFC00B95459 /* Resources */,
				C0E5237A1A8DA5604C8DA8A3 /* [CP] Embed Pods Frameworks */,
				5B80D78EADB5555EF5DAD0CB /* [CP] Copy Pods Resources */,
			);
			buildRules = (
			);
			dependencies = (
				906E92071E947CFC00B95459 /* PBXTargetDependency */,
			);
			name = "pokemon-iosUITests";
			productName = "pokemon-iosUITests";
			productReference = 906E92051E947CFC00B95459 /* pokemon-iosUITests.xctest */;
			productType = "com.apple.product-type.bundle.ui-testing";
		};
/* End PBXNativeTarget section */

/* Begin PBXProject section */
		906E91DB1E947CFC00B95459 /* Project object */ = {
			isa = PBXProject;
			attributes = {
				LastSwiftUpdateCheck = 0830;
				LastUpgradeCheck = 0830;
				ORGANIZATIONNAME = melorriaga;
				TargetAttributes = {
					906E91E21E947CFC00B95459 = {
						CreatedOnToolsVersion = 8.3;
						DevelopmentTeam = K2RR2SL97M;
						ProvisioningStyle = Automatic;
					};
					906E91F91E947CFC00B95459 = {
						CreatedOnToolsVersion = 8.3;
						DevelopmentTeam = K2RR2SL97M;
						ProvisioningStyle = Automatic;
						TestTargetID = 906E91E21E947CFC00B95459;
					};
					906E92041E947CFC00B95459 = {
						CreatedOnToolsVersion = 8.3;
						DevelopmentTeam = K2RR2SL97M;
						ProvisioningStyle = Automatic;
						TestTargetID = 906E91E21E947CFC00B95459;
					};
				};
			};
			buildConfigurationList = 906E91DE1E947CFC00B95459 /* Build configuration list for PBXProject "pokemon-ios" */;
			compatibilityVersion = "Xcode 3.2";
			developmentRegion = English;
			hasScannedForEncodings = 0;
			knownRegions = (
				en,
				Base,
			);
			mainGroup = 906E91DA1E947CFC00B95459;
			productRefGroup = 906E91E41E947CFC00B95459 /* Products */;
			projectDirPath = "";
			projectRoot = "";
			targets = (
				906E91E21E947CFC00B95459 /* pokemon-ios */,
				906E91F91E947CFC00B95459 /* pokemon-iosTests */,
				906E92041E947CFC00B95459 /* pokemon-iosUITests */,
			);
		};
/* End PBXProject section */

/* Begin PBXResourcesBuildPhase section */
		906E91E11E947CFC00B95459 /* Resources */ = {
			isa = PBXResourcesBuildPhase;
			buildActionMask = 2147483647;
			files = (
				906E91F41E947CFC00B95459 /* LaunchScreen.storyboard in Resources */,
				906E91F11E947CFC00B95459 /* Assets.xcassets in Resources */,
				906E91EC1E947CFC00B95459 /* Main.storyboard in Resources */,
			);
			runOnlyForDeploymentPostprocessing = 0;
		};
		906E91F81E947CFC00B95459 /* Resources */ = {
			isa = PBXResourcesBuildPhase;
			buildActionMask = 2147483647;
			files = (
			);
			runOnlyForDeploymentPostprocessing = 0;
		};
		906E92031E947CFC00B95459 /* Resources */ = {
			isa = PBXResourcesBuildPhase;
			buildActionMask = 2147483647;
			files = (
			);
			runOnlyForDeploymentPostprocessing = 0;
		};
/* End PBXResourcesBuildPhase section */

/* Begin PBXShellScriptBuildPhase section */
		0C093EACDCC269A50C63AF8E /* [CP] Embed Pods Frameworks */ = {
			isa = PBXShellScriptBuildPhase;
			buildActionMask = 2147483647;
			files = (
			);
			inputPaths = (
			);
			name = "[CP] Embed Pods Frameworks";
			outputPaths = (
			);
			runOnlyForDeploymentPostprocessing = 0;
			shellPath = /bin/sh;
			shellScript = "\"${SRCROOT}/Pods/Target Support Files/Pods-pokemon-ios/Pods-pokemon-ios-frameworks.sh\"\n";
			showEnvVarsInLog = 0;
		};
		47752DB992AA4122290E02D6 /* [CP] Check Pods Manifest.lock */ = {
			isa = PBXShellScriptBuildPhase;
			buildActionMask = 2147483647;
			files = (
			);
			inputPaths = (
			);
			name = "[CP] Check Pods Manifest.lock";
			outputPaths = (
			);
			runOnlyForDeploymentPostprocessing = 0;
			shellPath = /bin/sh;
			shellScript = "diff \"${PODS_ROOT}/../Podfile.lock\" \"${PODS_ROOT}/Manifest.lock\" > /dev/null\nif [ $? != 0 ] ; then\n    # print error to STDERR\n    echo \"error: The sandbox is not in sync with the Podfile.lock. Run 'pod install' or update your CocoaPods installation.\" >&2\n    exit 1\nfi\n";
			showEnvVarsInLog = 0;
		};
		5B80D78EADB5555EF5DAD0CB /* [CP] Copy Pods Resources */ = {
			isa = PBXShellScriptBuildPhase;
			buildActionMask = 2147483647;
			files = (
			);
			inputPaths = (
			);
			name = "[CP] Copy Pods Resources";
			outputPaths = (
			);
			runOnlyForDeploymentPostprocessing = 0;
			shellPath = /bin/sh;
			shellScript = "\"${SRCROOT}/Pods/Target Support Files/Pods-pokemon-iosUITests/Pods-pokemon-iosUITests-resources.sh\"\n";
			showEnvVarsInLog = 0;
		};
		8A294045EA3ADCC5B67894CA /* [CP] Check Pods Manifest.lock */ = {
			isa = PBXShellScriptBuildPhase;
			buildActionMask = 2147483647;
			files = (
			);
			inputPaths = (
			);
			name = "[CP] Check Pods Manifest.lock";
			outputPaths = (
			);
			runOnlyForDeploymentPostprocessing = 0;
			shellPath = /bin/sh;
			shellScript = "diff \"${PODS_ROOT}/../Podfile.lock\" \"${PODS_ROOT}/Manifest.lock\" > /dev/null\nif [ $? != 0 ] ; then\n    # print error to STDERR\n    echo \"error: The sandbox is not in sync with the Podfile.lock. Run 'pod install' or update your CocoaPods installation.\" >&2\n    exit 1\nfi\n";
			showEnvVarsInLog = 0;
		};
		A2E62B14293959DDA19A96F4 /* [CP] Embed Pods Frameworks */ = {
			isa = PBXShellScriptBuildPhase;
			buildActionMask = 2147483647;
			files = (
			);
			inputPaths = (
			);
			name = "[CP] Embed Pods Frameworks";
			outputPaths = (
			);
			runOnlyForDeploymentPostprocessing = 0;
			shellPath = /bin/sh;
			shellScript = "\"${SRCROOT}/Pods/Target Support Files/Pods-pokemon-iosTests/Pods-pokemon-iosTests-frameworks.sh\"\n";
			showEnvVarsInLog = 0;
		};
		C0E5237A1A8DA5604C8DA8A3 /* [CP] Embed Pods Frameworks */ = {
			isa = PBXShellScriptBuildPhase;
			buildActionMask = 2147483647;
			files = (
			);
			inputPaths = (
			);
			name = "[CP] Embed Pods Frameworks";
			outputPaths = (
			);
			runOnlyForDeploymentPostprocessing = 0;
			shellPath = /bin/sh;
			shellScript = "\"${SRCROOT}/Pods/Target Support Files/Pods-pokemon-iosUITests/Pods-pokemon-iosUITests-frameworks.sh\"\n";
			showEnvVarsInLog = 0;
		};
		C8735CE0D7AEA3E595C5D4D2 /* [CP] Copy Pods Resources */ = {
			isa = PBXShellScriptBuildPhase;
			buildActionMask = 2147483647;
			files = (
			);
			inputPaths = (
			);
			name = "[CP] Copy Pods Resources";
			outputPaths = (
			);
			runOnlyForDeploymentPostprocessing = 0;
			shellPath = /bin/sh;
			shellScript = "\"${SRCROOT}/Pods/Target Support Files/Pods-pokemon-ios/Pods-pokemon-ios-resources.sh\"\n";
			showEnvVarsInLog = 0;
		};
		CF13D3624D82448C277A7A28 /* [CP] Check Pods Manifest.lock */ = {
			isa = PBXShellScriptBuildPhase;
			buildActionMask = 2147483647;
			files = (
			);
			inputPaths = (
			);
			name = "[CP] Check Pods Manifest.lock";
			outputPaths = (
			);
			runOnlyForDeploymentPostprocessing = 0;
			shellPath = /bin/sh;
			shellScript = "diff \"${PODS_ROOT}/../Podfile.lock\" \"${PODS_ROOT}/Manifest.lock\" > /dev/null\nif [ $? != 0 ] ; then\n    # print error to STDERR\n    echo \"error: The sandbox is not in sync with the Podfile.lock. Run 'pod install' or update your CocoaPods installation.\" >&2\n    exit 1\nfi\n";
			showEnvVarsInLog = 0;
		};
		DC0ED8AD872FF3C9833F0866 /* [CP] Copy Pods Resources */ = {
			isa = PBXShellScriptBuildPhase;
			buildActionMask = 2147483647;
			files = (
			);
			inputPaths = (
			);
			name = "[CP] Copy Pods Resources";
			outputPaths = (
			);
			runOnlyForDeploymentPostprocessing = 0;
			shellPath = /bin/sh;
			shellScript = "\"${SRCROOT}/Pods/Target Support Files/Pods-pokemon-iosTests/Pods-pokemon-iosTests-resources.sh\"\n";
			showEnvVarsInLog = 0;
		};
/* End PBXShellScriptBuildPhase section */

/* Begin PBXSourcesBuildPhase section */
		906E91DF1E947CFC00B95459 /* Sources */ = {
			isa = PBXSourcesBuildPhase;
			buildActionMask = 2147483647;
			files = (
				906E92241E947ECC00B95459 /* MainRouter.swift in Sources */,
				906E92301E959CF900B95459 /* APIResourceList.swift in Sources */,
				906E92201E947ECC00B95459 /* MainConfigurator.swift in Sources */,
				906E92221E947ECC00B95459 /* MainModels.swift in Sources */,
				906E91EF1E947CFC00B95459 /* pokemon_ios.xcdatamodeld in Sources */,
				906E922E1E959CA000B95459 /* NamedAPIResource.swift in Sources */,
				906E92211E947ECC00B95459 /* MainInteractor.swift in Sources */,
				906E922A1E9486B400B95459 /* Pokemon.swift in Sources */,
				906E92251E947ECC00B95459 /* MainViewController.swift in Sources */,
				906E92231E947ECC00B95459 /* MainPresenter.swift in Sources */,
				906E92261E947ECC00B95459 /* MainWorker.swift in Sources */,
				906E91E71E947CFC00B95459 /* AppDelegate.swift in Sources */,
				906E922C1E9599EB00B95459 /* PokemonSprites.swift in Sources */,
			);
			runOnlyForDeploymentPostprocessing = 0;
		};
		906E91F61E947CFC00B95459 /* Sources */ = {
			isa = PBXSourcesBuildPhase;
			buildActionMask = 2147483647;
			files = (
				906E91FF1E947CFC00B95459 /* pokemon_iosTests.swift in Sources */,
			);
			runOnlyForDeploymentPostprocessing = 0;
		};
		906E92011E947CFC00B95459 /* Sources */ = {
			isa = PBXSourcesBuildPhase;
			buildActionMask = 2147483647;
			files = (
				906E920A1E947CFC00B95459 /* pokemon_iosUITests.swift in Sources */,
			);
			runOnlyForDeploymentPostprocessing = 0;
		};
/* End PBXSourcesBuildPhase section */

/* Begin PBXTargetDependency section */
		906E91FC1E947CFC00B95459 /* PBXTargetDependency */ = {
			isa = PBXTargetDependency;
			target = 906E91E21E947CFC00B95459 /* pokemon-ios */;
			targetProxy = 906E91FB1E947CFC00B95459 /* PBXContainerItemProxy */;
		};
		906E92071E947CFC00B95459 /* PBXTargetDependency */ = {
			isa = PBXTargetDependency;
			target = 906E91E21E947CFC00B95459 /* pokemon-ios */;
			targetProxy = 906E92061E947CFC00B95459 /* PBXContainerItemProxy */;
		};
/* End PBXTargetDependency section */

/* Begin PBXVariantGroup section */
		906E91EA1E947CFC00B95459 /* Main.storyboard */ = {
			isa = PBXVariantGroup;
			children = (
				906E91EB1E947CFC00B95459 /* Base */,
			);
			name = Main.storyboard;
			sourceTree = "<group>";
		};
		906E91F21E947CFC00B95459 /* LaunchScreen.storyboard */ = {
			isa = PBXVariantGroup;
			children = (
				906E91F31E947CFC00B95459 /* Base */,
			);
			name = LaunchScreen.storyboard;
			sourceTree = "<group>";
		};
/* End PBXVariantGroup section */

/* Begin XCBuildConfiguration section */
		906E920C1E947CFC00B95459 /* Debug */ = {
			isa = XCBuildConfiguration;
			buildSettings = {
				ALWAYS_SEARCH_USER_PATHS = NO;
				CLANG_ANALYZER_NONNULL = YES;
				CLANG_ANALYZER_NUMBER_OBJECT_CONVERSION = YES_AGGRESSIVE;
				CLANG_CXX_LANGUAGE_STANDARD = "gnu++0x";
				CLANG_CXX_LIBRARY = "libc++";
				CLANG_ENABLE_MODULES = YES;
				CLANG_ENABLE_OBJC_ARC = YES;
				CLANG_WARN_BOOL_CONVERSION = YES;
				CLANG_WARN_CONSTANT_CONVERSION = YES;
				CLANG_WARN_DIRECT_OBJC_ISA_USAGE = YES_ERROR;
				CLANG_WARN_DOCUMENTATION_COMMENTS = YES;
				CLANG_WARN_EMPTY_BODY = YES;
				CLANG_WARN_ENUM_CONVERSION = YES;
				CLANG_WARN_INFINITE_RECURSION = YES;
				CLANG_WARN_INT_CONVERSION = YES;
				CLANG_WARN_OBJC_ROOT_CLASS = YES_ERROR;
				CLANG_WARN_SUSPICIOUS_MOVE = YES;
				CLANG_WARN_UNREACHABLE_CODE = YES;
				CLANG_WARN__DUPLICATE_METHOD_MATCH = YES;
				"CODE_SIGN_IDENTITY[sdk=iphoneos*]" = "iPhone Developer";
				COPY_PHASE_STRIP = NO;
				DEBUG_INFORMATION_FORMAT = dwarf;
				ENABLE_STRICT_OBJC_MSGSEND = YES;
				ENABLE_TESTABILITY = YES;
				GCC_C_LANGUAGE_STANDARD = gnu99;
				GCC_DYNAMIC_NO_PIC = NO;
				GCC_NO_COMMON_BLOCKS = YES;
				GCC_OPTIMIZATION_LEVEL = 0;
				GCC_PREPROCESSOR_DEFINITIONS = (
					"DEBUG=1",
					"$(inherited)",
				);
				GCC_WARN_64_TO_32_BIT_CONVERSION = YES;
				GCC_WARN_ABOUT_RETURN_TYPE = YES_ERROR;
				GCC_WARN_UNDECLARED_SELECTOR = YES;
				GCC_WARN_UNINITIALIZED_AUTOS = YES_AGGRESSIVE;
				GCC_WARN_UNUSED_FUNCTION = YES;
				GCC_WARN_UNUSED_VARIABLE = YES;
				IPHONEOS_DEPLOYMENT_TARGET = 10.3;
				MTL_ENABLE_DEBUG_INFO = YES;
				ONLY_ACTIVE_ARCH = YES;
				SDKROOT = iphoneos;
				SWIFT_ACTIVE_COMPILATION_CONDITIONS = DEBUG;
				SWIFT_OPTIMIZATION_LEVEL = "-Onone";
			};
			name = Debug;
		};
		906E920D1E947CFC00B95459 /* Release */ = {
			isa = XCBuildConfiguration;
			buildSettings = {
				ALWAYS_SEARCH_USER_PATHS = NO;
				CLANG_ANALYZER_NONNULL = YES;
				CLANG_ANALYZER_NUMBER_OBJECT_CONVERSION = YES_AGGRESSIVE;
				CLANG_CXX_LANGUAGE_STANDARD = "gnu++0x";
				CLANG_CXX_LIBRARY = "libc++";
				CLANG_ENABLE_MODULES = YES;
				CLANG_ENABLE_OBJC_ARC = YES;
				CLANG_WARN_BOOL_CONVERSION = YES;
				CLANG_WARN_CONSTANT_CONVERSION = YES;
				CLANG_WARN_DIRECT_OBJC_ISA_USAGE = YES_ERROR;
				CLANG_WARN_DOCUMENTATION_COMMENTS = YES;
				CLANG_WARN_EMPTY_BODY = YES;
				CLANG_WARN_ENUM_CONVERSION = YES;
				CLANG_WARN_INFINITE_RECURSION = YES;
				CLANG_WARN_INT_CONVERSION = YES;
				CLANG_WARN_OBJC_ROOT_CLASS = YES_ERROR;
				CLANG_WARN_SUSPICIOUS_MOVE = YES;
				CLANG_WARN_UNREACHABLE_CODE = YES;
				CLANG_WARN__DUPLICATE_METHOD_MATCH = YES;
				"CODE_SIGN_IDENTITY[sdk=iphoneos*]" = "iPhone Developer";
				COPY_PHASE_STRIP = NO;
				DEBUG_INFORMATION_FORMAT = "dwarf-with-dsym";
				ENABLE_NS_ASSERTIONS = NO;
				ENABLE_STRICT_OBJC_MSGSEND = YES;
				GCC_C_LANGUAGE_STANDARD = gnu99;
				GCC_NO_COMMON_BLOCKS = YES;
				GCC_WARN_64_TO_32_BIT_CONVERSION = YES;
				GCC_WARN_ABOUT_RETURN_TYPE = YES_ERROR;
				GCC_WARN_UNDECLARED_SELECTOR = YES;
				GCC_WARN_UNINITIALIZED_AUTOS = YES_AGGRESSIVE;
				GCC_WARN_UNUSED_FUNCTION = YES;
				GCC_WARN_UNUSED_VARIABLE = YES;
				IPHONEOS_DEPLOYMENT_TARGET = 10.3;
				MTL_ENABLE_DEBUG_INFO = NO;
				SDKROOT = iphoneos;
				SWIFT_OPTIMIZATION_LEVEL = "-Owholemodule";
				VALIDATE_PRODUCT = YES;
			};
			name = Release;
		};
		906E920F1E947CFC00B95459 /* Debug */ = {
			isa = XCBuildConfiguration;
			baseConfigurationReference = 27547022DBCADF4412663843 /* Pods-pokemon-ios.debug.xcconfig */;
			buildSettings = {
				ASSETCATALOG_COMPILER_APPICON_NAME = AppIcon;
				DEVELOPMENT_TEAM = K2RR2SL97M;
				INFOPLIST_FILE = "pokemon-ios/Info.plist";
				LD_RUNPATH_SEARCH_PATHS = "$(inherited) @executable_path/Frameworks";
				PRODUCT_BUNDLE_IDENTIFIER = "com.melorriaga.pokemon-ios";
				PRODUCT_NAME = "$(TARGET_NAME)";
				SWIFT_VERSION = 3.0;
			};
			name = Debug;
		};
		906E92101E947CFC00B95459 /* Release */ = {
			isa = XCBuildConfiguration;
			baseConfigurationReference = 5E9C90584B9C4A2E83E0A7BE /* Pods-pokemon-ios.release.xcconfig */;
			buildSettings = {
				ASSETCATALOG_COMPILER_APPICON_NAME = AppIcon;
				DEVELOPMENT_TEAM = K2RR2SL97M;
				INFOPLIST_FILE = "pokemon-ios/Info.plist";
				LD_RUNPATH_SEARCH_PATHS = "$(inherited) @executable_path/Frameworks";
				PRODUCT_BUNDLE_IDENTIFIER = "com.melorriaga.pokemon-ios";
				PRODUCT_NAME = "$(TARGET_NAME)";
				SWIFT_VERSION = 3.0;
			};
			name = Release;
		};
		906E92121E947CFC00B95459 /* Debug */ = {
			isa = XCBuildConfiguration;
			baseConfigurationReference = 9021DDD5427E1FFAE79E2F30 /* Pods-pokemon-iosTests.debug.xcconfig */;
			buildSettings = {
				ALWAYS_EMBED_SWIFT_STANDARD_LIBRARIES = YES;
				BUNDLE_LOADER = "$(TEST_HOST)";
				DEVELOPMENT_TEAM = K2RR2SL97M;
				INFOPLIST_FILE = "pokemon-iosTests/Info.plist";
				LD_RUNPATH_SEARCH_PATHS = "$(inherited) @executable_path/Frameworks @loader_path/Frameworks";
				PRODUCT_BUNDLE_IDENTIFIER = "com.melorriaga.pokemon-iosTests";
				PRODUCT_NAME = "$(TARGET_NAME)";
				SWIFT_VERSION = 3.0;
				TEST_HOST = "$(BUILT_PRODUCTS_DIR)/pokemon-ios.app/pokemon-ios";
			};
			name = Debug;
		};
		906E92131E947CFC00B95459 /* Release */ = {
			isa = XCBuildConfiguration;
			baseConfigurationReference = 2A0B450C4AC358287734159D /* Pods-pokemon-iosTests.release.xcconfig */;
			buildSettings = {
				ALWAYS_EMBED_SWIFT_STANDARD_LIBRARIES = YES;
				BUNDLE_LOADER = "$(TEST_HOST)";
				DEVELOPMENT_TEAM = K2RR2SL97M;
				INFOPLIST_FILE = "pokemon-iosTests/Info.plist";
				LD_RUNPATH_SEARCH_PATHS = "$(inherited) @executable_path/Frameworks @loader_path/Frameworks";
				PRODUCT_BUNDLE_IDENTIFIER = "com.melorriaga.pokemon-iosTests";
				PRODUCT_NAME = "$(TARGET_NAME)";
				SWIFT_VERSION = 3.0;
				TEST_HOST = "$(BUILT_PRODUCTS_DIR)/pokemon-ios.app/pokemon-ios";
			};
			name = Release;
		};
		906E92151E947CFC00B95459 /* Debug */ = {
			isa = XCBuildConfiguration;
			baseConfigurationReference = 09E036A3FA788ADDC5FCD908 /* Pods-pokemon-iosUITests.debug.xcconfig */;
			buildSettings = {
				ALWAYS_EMBED_SWIFT_STANDARD_LIBRARIES = YES;
				DEVELOPMENT_TEAM = K2RR2SL97M;
				INFOPLIST_FILE = "pokemon-iosUITests/Info.plist";
				LD_RUNPATH_SEARCH_PATHS = "$(inherited) @executable_path/Frameworks @loader_path/Frameworks";
				PRODUCT_BUNDLE_IDENTIFIER = "com.melorriaga.pokemon-iosUITests";
				PRODUCT_NAME = "$(TARGET_NAME)";
				SWIFT_VERSION = 3.0;
				TEST_TARGET_NAME = "pokemon-ios";
			};
			name = Debug;
		};
		906E92161E947CFC00B95459 /* Release */ = {
			isa = XCBuildConfiguration;
			baseConfigurationReference = 8A2FBB010DF08253079FF6BC /* Pods-pokemon-iosUITests.release.xcconfig */;
			buildSettings = {
				ALWAYS_EMBED_SWIFT_STANDARD_LIBRARIES = YES;
				DEVELOPMENT_TEAM = K2RR2SL97M;
				INFOPLIST_FILE = "pokemon-iosUITests/Info.plist";
				LD_RUNPATH_SEARCH_PATHS = "$(inherited) @executable_path/Frameworks @loader_path/Frameworks";
				PRODUCT_BUNDLE_IDENTIFIER = "com.melorriaga.pokemon-iosUITests";
				PRODUCT_NAME = "$(TARGET_NAME)";
				SWIFT_VERSION = 3.0;
				TEST_TARGET_NAME = "pokemon-ios";
			};
			name = Release;
		};
/* End XCBuildConfiguration section */

/* Begin XCConfigurationList section */
		906E91DE1E947CFC00B95459 /* Build configuration list for PBXProject "pokemon-ios" */ = {
			isa = XCConfigurationList;
			buildConfigurations = (
				906E920C1E947CFC00B95459 /* Debug */,
				906E920D1E947CFC00B95459 /* Release */,
			);
			defaultConfigurationIsVisible = 0;
			defaultConfigurationName = Release;
		};
		906E920E1E947CFC00B95459 /* Build configuration list for PBXNativeTarget "pokemon-ios" */ = {
			isa = XCConfigurationList;
			buildConfigurations = (
				906E920F1E947CFC00B95459 /* Debug */,
				906E92101E947CFC00B95459 /* Release */,
			);
			defaultConfigurationIsVisible = 0;
			defaultConfigurationName = Release;
		};
		906E92111E947CFC00B95459 /* Build configuration list for PBXNativeTarget "pokemon-iosTests" */ = {
			isa = XCConfigurationList;
			buildConfigurations = (
				906E92121E947CFC00B95459 /* Debug */,
				906E92131E947CFC00B95459 /* Release */,
			);
			defaultConfigurationIsVisible = 0;
			defaultConfigurationName = Release;
		};
		906E92141E947CFC00B95459 /* Build configuration list for PBXNativeTarget "pokemon-iosUITests" */ = {
			isa = XCConfigurationList;
			buildConfigurations = (
				906E92151E947CFC00B95459 /* Debug */,
				906E92161E947CFC00B95459 /* Release */,
			);
			defaultConfigurationIsVisible = 0;
			defaultConfigurationName = Release;
		};
/* End XCConfigurationList section */

/* Begin XCVersionGroup section */
		906E91ED1E947CFC00B95459 /* pokemon_ios.xcdatamodeld */ = {
			isa = XCVersionGroup;
			children = (
				906E91EE1E947CFC00B95459 /* pokemon_ios.xcdatamodel */,
			);
			currentVersion = 906E91EE1E947CFC00B95459 /* pokemon_ios.xcdatamodel */;
			path = pokemon_ios.xcdatamodeld;
			sourceTree = "<group>";
			versionGroupType = wrapper.xcdatamodel;
		};
/* End XCVersionGroup section */
	};
	rootObject = 906E91DB1E947CFC00B95459 /* Project object */;
}
